PODS:
  - device_calendar (0.0.1):
    - Flutter
  - Flutter (1.0.0)
  - flutter_timezone (0.0.1):
    - Flutter
  - integration_test (0.0.1):
    - Flutter

DEPENDENCIES:
  - device_calendar (from `.symlinks/plugins/device_calendar/ios`)
  - Flutter (from `Flutter`)
  - flutter_timezone (from `.symlinks/plugins/flutter_timezone/ios`)
  - integration_test (from `.symlinks/plugins/integration_test/ios`)

EXTERNAL SOURCES:
  device_calendar:
    :path: ".symlinks/plugins/device_calendar/ios"
  Flutter:
    :path: Flutter
  flutter_timezone:
    :path: ".symlinks/plugins/flutter_timezone/ios"
  integration_test:
    :path: ".symlinks/plugins/integration_test/ios"

SPEC CHECKSUMS:
  device_calendar: b25bf69ce1411f492df84c36200fb005b109941b
  Flutter: e0871f40cf51350855a761d2e70bf5af5b9b5de7
  flutter_timezone: ee50ce7786b5fde27e2fe5375bbc8c9661ffc13f
  integration_test: 4a889634ef21a45d28d50d622cf412dc6d9f586e

PODFILE CHECKSUM: 6a0fc163f26deb0c71f196a2cd45838ee4f45285

COCOAPODS: 1.16.2
